
Microsoft Visual Studio Solution File, Format Version 12.00
# Visual Studio Version 17
VisualStudioVersion = 17.0.31903.59
MinimumVisualStudioVersion = 10.0.40219.1
Project("{9A19103F-16F7-4668-BE54-9A1E7A4F7556}") = "GovinduImpexFunc", "GovinduImpexFunc.csproj", "{C536DA45-4ACD-4086-B245-FF591953B247}"
EndProject
Global
	GlobalSection(SolutionConfigurationPlatforms) = preSolution
		Debug|Any CPU = Debug|Any CPU
		Release|Any CPU = Release|Any CPU
	EndGlobalSection
	GlobalSection(ProjectConfigurationPlatforms) = postSolution
		{C536DA45-4ACD-4086-B245-FF591953B247}.Debug|Any CPU.ActiveCfg = Debug|Any CPU
		{C536DA45-4ACD-4086-B245-FF591953B247}.Debug|Any CPU.Build.0 = Debug|Any CPU
		{C536DA45-4ACD-4086-B245-FF591953B247}.Release|Any CPU.ActiveCfg = Release|Any CPU
		{C536DA45-4ACD-4086-B245-FF591953B247}.Release|Any CPU.Build.0 = Release|Any CPU
	EndGlobalSection
	GlobalSection(SolutionProperties) = preSolution
		HideSolutionNode = FALSE
	EndGlobalSection
	GlobalSection(ExtensibilityGlobals) = postSolution
		SolutionGuid = {FEA47553-D5D1-41C1-964A-48B3EB7F0286}
	EndGlobalSection
EndGlobal
